
Microsoft Visual Studio Solution File, Format Version 12.00
# Visual Studio Version 16
VisualStudioVersion = 16.0.32510.428
MinimumVisualStudioVersion = 10.0.40219.1
Project("{FAE04EC0-301F-11D3-BF4B-00C04F79EFBC}") = "AspDotNetDemo", "AspDotNetDemo.csproj", "{1DE8C4C9-6A09-4282-A0E7-D422724AAB47}"
EndProject
Global
	GlobalSection(SolutionConfigurationPlatforms) = preSolution
		Debug|Any CPU = Debug|Any CPU
		Release|Any CPU = Release|Any CPU
	EndGlobalSection
	GlobalSection(ProjectConfigurationPlatforms) = postSolution
		{1DE8C4C9-6A09-4282-A0E7-D422724AAB47}.Debug|Any CPU.ActiveCfg = Debug|Any CPU
		{1DE8C4C9-6A09-4282-A0E7-D422724AAB47}.Debug|Any CPU.Build.0 = Debug|Any CPU
		{1DE8C4C9-6A09-4282-A0E7-D422724AAB47}.Release|Any CPU.ActiveCfg = Release|Any CPU
		{1DE8C4C9-6A09-4282-A0E7-D422724AAB47}.Release|Any CPU.Build.0 = Release|Any CPU
	EndGlobalSection
	GlobalSection(SolutionProperties) = preSolution
		HideSolutionNode = FALSE
	EndGlobalSection
	GlobalSection(ExtensibilityGlobals) = postSolution
		SolutionGuid = {3EEADAB8-94A7-4D15-9EEC-B984D8CF2AAE}
	EndGlobalSection
EndGlobal
